
Microsoft Visual Studio Solution File, Format Version 12.00
# Visual Studio Version 16
VisualStudioVersion = 16.0.30611.23
MinimumVisualStudioVersion = 10.0.40219.1
Project("{FAE04EC0-301F-11D3-BF4B-00C04F79EFBC}") = "WindowsFormsApp1", "WindowsFormsApp1\WindowsFormsApp1.csproj", "{AA8C50AE-E55A-4B2E-AAB6-DBCADA2CD9F9}"
EndProject
Global
	GlobalSection(SolutionConfigurationPlatforms) = preSolution
		Debug|Any CPU = Debug|Any CPU
		Release|Any CPU = Release|Any CPU
	EndGlobalSection
	GlobalSection(ProjectConfigurationPlatforms) = postSolution
		{AA8C50AE-E55A-4B2E-AAB6-DBCADA2CD9F9}.Debug|Any CPU.ActiveCfg = Debug|Any CPU
		{AA8C50AE-E55A-4B2E-AAB6-DBCADA2CD9F9}.Debug|Any CPU.Build.0 = Debug|Any CPU
		{AA8C50AE-E55A-4B2E-AAB6-DBCADA2CD9F9}.Release|Any CPU.ActiveCfg = Release|Any CPU
		{AA8C50AE-E55A-4B2E-AAB6-DBCADA2CD9F9}.Release|Any CPU.Build.0 = Release|Any CPU
	EndGlobalSection
	GlobalSection(SolutionProperties) = preSolution
		HideSolutionNode = FALSE
	EndGlobalSection
	GlobalSection(ExtensibilityGlobals) = postSolution
		SolutionGuid = {35602F86-79AA-4F28-ABD5-48E52213CA83}
	EndGlobalSection
EndGlobal
